{
    "_meta": {
        "hash": {
            "sha256": "1ddf5ca0bc9c8be729e2fc8f8eb86ae99d45ad91d94a079fe5d45b5098e6b241"
        },
        "pipfile-spec": 6,
        "requires": {
            "python_version": "3.7"
        },
        "sources": [
            {
                "name": "pypi",
                "url": "https://pypi.org/simple",
                "verify_ssl": true
            }
        ]
    },
    "default": {
        "django": {
            "hashes": [
                "sha256:275bec66fd2588dd517ada59b8bfb23d4a9abc5a362349139ddda3c7ff6f5ade",
                "sha256:939652e9d34d7d53d74d5d8ef82a19e5f8bb2de75618f7e5360691b6e9667963"
            ],
            "index": "pypi",
            "version": "==2.1.7"
        },
        "django-cdnjs": {
            "hashes": [
                "sha256:3044347c62a15196128aebf9bd1a08a4bdcf442e25ab23da28e2d195281c9683"
            ],
            "index": "pypi",
            "version": "==2017.10.20.post2"
        },
        "django-easy-timezones": {
            "hashes": [
                "sha256:1c90f8a9731bf0762b6c7d239beb5b9434f45e8c9bbdc3586faa69851d00c434",
                "sha256:d28a5e60263de39eeef72240dac01090a11f7212d942dfbd3b4ba4be7b2bf77e"
            ],
            "index": "pypi",
            "version": "==0.8.0"
        },
        "ipaddress": {
            "hashes": [
                "sha256:5a3182b322a706525c46282ca6f064d27a02cffbd449f9f47416f1dc96aa71b0",
                "sha256:935712800ce4760701d89ad677666cd52691fd2f6f0b340c8b4239a3c17988a5"
            ],
            "version": "==1.0.16"
        },
        "pygeoip": {
            "hashes": [
                "sha256:1938b9dac7b00d77f94d040b9465ea52c938f3fcdcd318b5537994f3c16aef96",
                "sha256:f22c4e00ddf1213e0fae36dc60b46ee7c25a6339941ec1a975539014c1f9a96d"
            ],
            "version": "==0.3.2"
        },
        "pytz": {
            "hashes": [
                "sha256:0ca2c5966a10e8044db98bac372ed238f323d8d526bbd9a601c3520b98a4bbd3",
                "sha256:1ce2d13b6503a7260c950a25fa6d26ba8d4da1a7077e062aa9e82c74949aaf4b",
                "sha256:51ee2cbb7309df4c2f7c1d2c418aeb869ad48928ed590da7689c034dda7c912f",
                "sha256:62fd4e22635f609cf1f5da3037612214758ff5f510f4e877ec31d3bbbb995802"
            ],
            "version": "==2016.6"
        },
        "wheel": {
            "hashes": [
                "sha256:1ebb8ad7e26b448e9caa4773d2357849bf80ff9e313964bcaf79cbf0201a1648",
                "sha256:ea8033fc9905804e652f75474d33410a07404c1a78dd3c949a66863bd1050ebd"
            ],
            "version": "==0.29.0"
        }
    },
    "develop": {}
}
